// !$*UTF8*$!
{
	archiveVersion = 1;
	classes = {
	};
	objectVersion = 46;
	objects = {

/* Begin PBXBuildFile section */
		84E3102D1EF228D600ED4E8A /* AppDelegate.swift in Sources */ = {isa = PBXBuildFile; fileRef = 84E3102C1EF228D600ED4E8A /* AppDelegate.swift */; };
		84E3102F1EF228D600ED4E8A /* ViewController.swift in Sources */ = {isa = PBXBuildFile; fileRef = 84E3102E1EF228D600ED4E8A /* ViewController.swift */; };
		84E310321EF228D600ED4E8A /* Main.storyboard in Resources */ = {isa = PBXBuildFile; fileRef = 84E310301EF228D600ED4E8A /* Main.storyboard */; };
		84E310341EF228D600ED4E8A /* Assets.xcassets in Resources */ = {isa = PBXBuildFile; fileRef = 84E310331EF228D600ED4E8A /* Assets.xcassets */; };
		84E310371EF228D600ED4E8A /* LaunchScreen.storyboard in Resources */ = {isa = PBXBuildFile; fileRef = 84E310351EF228D600ED4E8A /* LaunchScreen.storyboard */; };
		84E310421EF228D600ED4E8A /* Basic_SwiftTests.swift in Sources */ = {isa = PBXBuildFile; fileRef = 84E310411EF228D600ED4E8A /* Basic_SwiftTests.swift */; };
		84E3104D1EF228D600ED4E8A /* Basic_SwiftUITests.swift in Sources */ = {isa = PBXBuildFile; fileRef = 84E3104C1EF228D600ED4E8A /* Basic_SwiftUITests.swift */; };
/* End PBXBuildFile section */

/* Begin PBXContainerItemProxy section */
		84E3103E1EF228D600ED4E8A /* PBXContainerItemProxy */ = {
			isa = PBXContainerItemProxy;
			containerPortal = 84E310211EF228D600ED4E8A /* Project object */;
			proxyType = 1;
			remoteGlobalIDString = 84E310281EF228D600ED4E8A;
			remoteInfo = "Basic-Swift";
		};
		84E310491EF228D600ED4E8A /* PBXContainerItemProxy */ = {
			isa = PBXContainerItemProxy;
			containerPortal = 84E310211EF228D600ED4E8A /* Project object */;
			proxyType = 1;
			remoteGlobalIDString = 84E310281EF228D600ED4E8A;
			remoteInfo = "Basic-Swift";
		};
/* End PBXContainerItemProxy section */

/* Begin PBXFileReference section */
		84E310291EF228D600ED4E8A /* Basic-Swift.app */ = {isa = PBXFileReference; explicitFileType = wrapper.application; includeInIndex = 0; path = "Basic-Swift.app"; sourceTree = BUILT_PRODUCTS_DIR; };
		84E3102C1EF228D600ED4E8A /* AppDelegate.swift */ = {isa = PBXFileReference; lastKnownFileType = sourcecode.swift; path = AppDelegate.swift; sourceTree = "<group>"; };
		84E3102E1EF228D600ED4E8A /* ViewController.swift */ = {isa = PBXFileReference; lastKnownFileType = sourcecode.swift; path = ViewController.swift; sourceTree = "<group>"; };
		84E310311EF228D600ED4E8A /* Base */ = {isa = PBXFileReference; lastKnownFileType = file.storyboard; name = Base; path = Base.lproj/Main.storyboard; sourceTree = "<group>"; };
		84E310331EF228D600ED4E8A /* Assets.xcassets */ = {isa = PBXFileReference; lastKnownFileType = folder.assetcatalog; path = Assets.xcassets; sourceTree = "<group>"; };
		84E310361EF228D600ED4E8A /* Base */ = {isa = PBXFileReference; lastKnownFileType = file.storyboard; name = Base; path = Base.lproj/LaunchScreen.storyboard; sourceTree = "<group>"; };
		84E310381EF228D600ED4E8A /* Info.plist */ = {isa = PBXFileReference; lastKnownFileType = text.plist.xml; path = Info.plist; sourceTree = "<group>"; };
		84E3103D1EF228D600ED4E8A /* Basic-SwiftTests.xctest */ = {isa = PBXFileReference; explicitFileType = wrapper.cfbundle; includeInIndex = 0; path = "Basic-SwiftTests.xctest"; sourceTree = BUILT_PRODUCTS_DIR; };
		84E310411EF228D600ED4E8A /* Basic_SwiftTests.swift */ = {isa = PBXFileReference; lastKnownFileType = sourcecode.swift; path = Basic_SwiftTests.swift; sourceTree = "<group>"; };
		84E310431EF228D600ED4E8A /* Info.plist */ = {isa = PBXFileReference; lastKnownFileType = text.plist.xml; path = Info.plist; sourceTree = "<group>"; };
		84E310481EF228D600ED4E8A /* Basic-SwiftUITests.xctest */ = {isa = PBXFileReference; explicitFileType = wrapper.cfbundle; includeInIndex = 0; path = "Basic-SwiftUITests.xctest"; sourceTree = BUILT_PRODUCTS_DIR; };
		84E3104C1EF228D600ED4E8A /* Basic_SwiftUITests.swift */ = {isa = PBXFileReference; lastKnownFileType = sourcecode.swift; path = Basic_SwiftUITests.swift; sourceTree = "<group>"; };
		84E3104E1EF228D600ED4E8A /* Info.plist */ = {isa = PBXFileReference; lastKnownFileType = text.plist.xml; path = Info.plist; sourceTree = "<group>"; };
/* End PBXFileReference section */

/* Begin PBXFrameworksBuildPhase section */
		84E310261EF228D600ED4E8A /* Frameworks */ = {
			isa = PBXFrameworksBuildPhase;
			buildActionMask = 2147483647;
			files = (
			);
			runOnlyForDeploymentPostprocessing = 0;
		};
		84E3103A1EF228D600ED4E8A /* Frameworks */ = {
			isa = PBXFrameworksBuildPhase;
			buildActionMask = 2147483647;
			files = (
			);
			runOnlyForDeploymentPostprocessing = 0;
		};
		84E310451EF228D600ED4E8A /* Frameworks */ = {
			isa = PBXFrameworksBuildPhase;
			buildActionMask = 2147483647;
			files = (
			);
			runOnlyForDeploymentPostprocessing = 0;
		};
/* End PBXFrameworksBuildPhase section */

/* Begin PBXGroup section */
		84E310201EF228D600ED4E8A = {
			isa = PBXGroup;
			children = (
				84E3102B1EF228D600ED4E8A /* Basic-Swift */,
				84E310401EF228D600ED4E8A /* Basic-SwiftTests */,
				84E3104B1EF228D600ED4E8A /* Basic-SwiftUITests */,
				84E3102A1EF228D600ED4E8A /* Products */,
			);
			sourceTree = "<group>";
		};
		84E3102A1EF228D600ED4E8A /* Products */ = {
			isa = PBXGroup;
			children = (
				84E310291EF228D600ED4E8A /* Basic-Swift.app */,
				84E3103D1EF228D600ED4E8A /* Basic-SwiftTests.xctest */,
				84E310481EF228D600ED4E8A /* Basic-SwiftUITests.xctest */,
			);
			name = Products;
			sourceTree = "<group>";
		};
		84E3102B1EF228D600ED4E8A /* Basic-Swift */ = {
			isa = PBXGroup;
			children = (
				84E3102C1EF228D600ED4E8A /* AppDelegate.swift */,
				84E3102E1EF228D600ED4E8A /* ViewController.swift */,
				84E310301EF228D600ED4E8A /* Main.storyboard */,
				84E310331EF228D600ED4E8A /* Assets.xcassets */,
				84E310351EF228D600ED4E8A /* LaunchScreen.storyboard */,
				84E310381EF228D600ED4E8A /* Info.plist */,
			);
			path = "Basic-Swift";
			sourceTree = "<group>";
		};
		84E310401EF228D600ED4E8A /* Basic-SwiftTests */ = {
			isa = PBXGroup;
			children = (
				84E310411EF228D600ED4E8A /* Basic_SwiftTests.swift */,
				84E310431EF228D600ED4E8A /* Info.plist */,
			);
			path = "Basic-SwiftTests";
			sourceTree = "<group>";
		};
		84E3104B1EF228D600ED4E8A /* Basic-SwiftUITests */ = {
			isa = PBXGroup;
			children = (
				84E3104C1EF228D600ED4E8A /* Basic_SwiftUITests.swift */,
				84E3104E1EF228D600ED4E8A /* Info.plist */,
			);
			path = "Basic-SwiftUITests";
			sourceTree = "<group>";
		};
/* End PBXGroup section */

/* Begin PBXNativeTarget section */
		84E310281EF228D600ED4E8A /* Basic-Swift */ = {
			isa = PBXNativeTarget;
			buildConfigurationList = 84E310511EF228D600ED4E8A /* Build configuration list for PBXNativeTarget "Basic-Swift" */;
			buildPhases = (
				84E310251EF228D600ED4E8A /* Sources */,
				84E310261EF228D600ED4E8A /* Frameworks */,
				84E310271EF228D600ED4E8A /* Resources */,
			);
			buildRules = (
			);
			dependencies = (
			);
			name = "Basic-Swift";
			productName = "Basic-Swift";
			productReference = 84E310291EF228D600ED4E8A /* Basic-Swift.app */;
			productType = "com.apple.product-type.application";
		};
		84E3103C1EF228D600ED4E8A /* Basic-SwiftTests */ = {
			isa = PBXNativeTarget;
			buildConfigurationList = 84E310541EF228D600ED4E8A /* Build configuration list for PBXNativeTarget "Basic-SwiftTests" */;
			buildPhases = (
				84E310391EF228D600ED4E8A /* Sources */,
				84E3103A1EF228D600ED4E8A /* Frameworks */,
				84E3103B1EF228D600ED4E8A /* Resources */,
			);
			buildRules = (
			);
			dependencies = (
				84E3103F1EF228D600ED4E8A /* PBXTargetDependency */,
			);
			name = "Basic-SwiftTests";
			productName = "Basic-SwiftTests";
			productReference = 84E3103D1EF228D600ED4E8A /* Basic-SwiftTests.xctest */;
			productType = "com.apple.product-type.bundle.unit-test";
		};
		84E310471EF228D600ED4E8A /* Basic-SwiftUITests */ = {
			isa = PBXNativeTarget;
			buildConfigurationList = 84E310571EF228D600ED4E8A /* Build configuration list for PBXNativeTarget "Basic-SwiftUITests" */;
			buildPhases = (
				84E310441EF228D600ED4E8A /* Sources */,
				84E310451EF228D600ED4E8A /* Frameworks */,
				84E310461EF228D600ED4E8A /* Resources */,
			);
			buildRules = (
			);
			dependencies = (
				84E3104A1EF228D600ED4E8A /* PBXTargetDependency */,
			);
			name = "Basic-SwiftUITests";
			productName = "Basic-SwiftUITests";
			productReference = 84E310481EF228D600ED4E8A /* Basic-SwiftUITests.xctest */;
			productType = "com.apple.product-type.bundle.ui-testing";
		};
/* End PBXNativeTarget section */

/* Begin PBXProject section */
		84E310211EF228D600ED4E8A /* Project object */ = {
			isa = PBXProject;
			attributes = {
				LastSwiftUpdateCheck = 0800;
				LastUpgradeCheck = 0800;
				ORGANIZATIONNAME = gcg;
				TargetAttributes = {
					84E310281EF228D600ED4E8A = {
						CreatedOnToolsVersion = 8.0;
						DevelopmentTeam = 8NDM2JAGC4;
						ProvisioningStyle = Automatic;
					};
					84E3103C1EF228D600ED4E8A = {
						CreatedOnToolsVersion = 8.0;
						ProvisioningStyle = Automatic;
						TestTargetID = 84E310281EF228D600ED4E8A;
					};
					84E310471EF228D600ED4E8A = {
						CreatedOnToolsVersion = 8.0;
						ProvisioningStyle = Automatic;
						TestTargetID = 84E310281EF228D600ED4E8A;
					};
				};
			};
			buildConfigurationList = 84E310241EF228D600ED4E8A /* Build configuration list for PBXProject "Basic-Swift" */;
			compatibilityVersion = "Xcode 3.2";
			developmentRegion = English;
			hasScannedForEncodings = 0;
			knownRegions = (
				en,
				Base,
			);
			mainGroup = 84E310201EF228D600ED4E8A;
			productRefGroup = 84E3102A1EF228D600ED4E8A /* Products */;
			projectDirPath = "";
			projectRoot = "";
			targets = (
				84E310281EF228D600ED4E8A /* Basic-Swift */,
				84E3103C1EF228D600ED4E8A /* Basic-SwiftTests */,
				84E310471EF228D600ED4E8A /* Basic-SwiftUITests */,
			);
		};
/* End PBXProject section */

/* Begin PBXResourcesBuildPhase section */
		84E310271EF228D600ED4E8A /* Resources */ = {
			isa = PBXResourcesBuildPhase;
			buildActionMask = 2147483647;
			files = (
				84E310371EF228D600ED4E8A /* LaunchScreen.storyboard in Resources */,
				84E310341EF228D600ED4E8A /* Assets.xcassets in Resources */,
				84E310321EF228D600ED4E8A /* Main.storyboard in Resources */,
			);
			runOnlyForDeploymentPostprocessing = 0;
		};
		84E3103B1EF228D600ED4E8A /* Resources */ = {
			isa = PBXResourcesBuildPhase;
			buildActionMask = 2147483647;
			files = (
			);
			runOnlyForDeploymentPostprocessing = 0;
		};
		84E310461EF228D600ED4E8A /* Resources */ = {
			isa = PBXResourcesBuildPhase;
			buildActionMask = 2147483647;
			files = (
			);
			runOnlyForDeploymentPostprocessing = 0;
		};
/* End PBXResourcesBuildPhase section */

/* Begin PBXSourcesBuildPhase section */
		84E310251EF228D600ED4E8A /* Sources */ = {
			isa = PBXSourcesBuildPhase;
			buildActionMask = 2147483647;
			files = (
				84E3102F1EF228D600ED4E8A /* ViewController.swift in Sources */,
				84E3102D1EF228D600ED4E8A /* AppDelegate.swift in Sources */,
			);
			runOnlyForDeploymentPostprocessing = 0;
		};
		84E310391EF228D600ED4E8A /* Sources */ = {
			isa = PBXSourcesBuildPhase;
			buildActionMask = 2147483647;
			files = (
				84E310421EF228D600ED4E8A /* Basic_SwiftTests.swift in Sources */,
			);
			runOnlyForDeploymentPostprocessing = 0;
		};
		84E310441EF228D600ED4E8A /* Sources */ = {
			isa = PBXSourcesBuildPhase;
			buildActionMask = 2147483647;
			files = (
				84E3104D1EF228D600ED4E8A /* Basic_SwiftUITests.swift in Sources */,
			);
			runOnlyForDeploymentPostprocessing = 0;
		};
/* End PBXSourcesBuildPhase section */

/* Begin PBXTargetDependency section */
		84E3103F1EF228D600ED4E8A /* PBXTargetDependency */ = {
			isa = PBXTargetDependency;
			target = 84E310281EF228D600ED4E8A /* Basic-Swift */;
			targetProxy = 84E3103E1EF228D600ED4E8A /* PBXContainerItemProxy */;
		};
		84E3104A1EF228D600ED4E8A /* PBXTargetDependency */ = {
			isa = PBXTargetDependency;
			target = 84E310281EF228D600ED4E8A /* Basic-Swift */;
			targetProxy = 84E310491EF228D600ED4E8A /* PBXContainerItemProxy */;
		};
/* End PBXTargetDependency section */

/* Begin PBXVariantGroup section */
		84E310301EF228D600ED4E8A /* Main.storyboard */ = {
			isa = PBXVariantGroup;
			children = (
				84E310311EF228D600ED4E8A /* Base */,
			);
			name = Main.storyboard;
			sourceTree = "<group>";
		};
		84E310351EF228D600ED4E8A /* LaunchScreen.storyboard */ = {
			isa = PBXVariantGroup;
			children = (
				84E310361EF228D600ED4E8A /* Base */,
			);
			name = LaunchScreen.storyboard;
			sourceTree = "<group>";
		};
/* End PBXVariantGroup section */

/* Begin XCBuildConfiguration section */
		84E3104F1EF228D600ED4E8A /* Debug */ = {
			isa = XCBuildConfiguration;
			buildSettings = {
				ALWAYS_SEARCH_USER_PATHS = NO;
				CLANG_ANALYZER_NONNULL = YES;
				CLANG_CXX_LANGUAGE_STANDARD = "gnu++0x";
				CLANG_CXX_LIBRARY = "libc++";
				CLANG_ENABLE_MODULES = YES;
				CLANG_ENABLE_OBJC_ARC = YES;
				CLANG_WARN_BOOL_CONVERSION = YES;
				CLANG_WARN_CONSTANT_CONVERSION = YES;
				CLANG_WARN_DIRECT_OBJC_ISA_USAGE = YES_ERROR;
				CLANG_WARN_DOCUMENTATION_COMMENTS = YES;
				CLANG_WARN_EMPTY_BODY = YES;
				CLANG_WARN_ENUM_CONVERSION = YES;
				CLANG_WARN_INFINITE_RECURSION = YES;
				CLANG_WARN_INT_CONVERSION = YES;
				CLANG_WARN_OBJC_ROOT_CLASS = YES_ERROR;
				CLANG_WARN_SUSPICIOUS_MOVES = YES;
				CLANG_WARN_UNREACHABLE_CODE = YES;
				CLANG_WARN__DUPLICATE_METHOD_MATCH = YES;
				"CODE_SIGN_IDENTITY[sdk=iphoneos*]" = "iPhone Developer";
				COPY_PHASE_STRIP = NO;
				DEBUG_INFORMATION_FORMAT = dwarf;
				ENABLE_STRICT_OBJC_MSGSEND = YES;
				ENABLE_TESTABILITY = YES;
				GCC_C_LANGUAGE_STANDARD = gnu99;
				GCC_DYNAMIC_NO_PIC = NO;
				GCC_NO_COMMON_BLOCKS = YES;
				GCC_OPTIMIZATION_LEVEL = 0;
				GCC_PREPROCESSOR_DEFINITIONS = (
					"DEBUG=1",
					"$(inherited)",
				);
				GCC_WARN_64_TO_32_BIT_CONVERSION = YES;
				GCC_WARN_ABOUT_RETURN_TYPE = YES_ERROR;
				GCC_WARN_UNDECLARED_SELECTOR = YES;
				GCC_WARN_UNINITIALIZED_AUTOS = YES_AGGRESSIVE;
				GCC_WARN_UNUSED_FUNCTION = YES;
				GCC_WARN_UNUSED_VARIABLE = YES;
				IPHONEOS_DEPLOYMENT_TARGET = 10.0;
				MTL_ENABLE_DEBUG_INFO = YES;
				ONLY_ACTIVE_ARCH = YES;
				SDKROOT = iphoneos;
				SWIFT_ACTIVE_COMPILATION_CONDITIONS = DEBUG;
				SWIFT_OPTIMIZATION_LEVEL = "-Onone";
			};
			name = Debug;
		};
		84E310501EF228D600ED4E8A /* Release */ = {
			isa = XCBuildConfiguration;
			buildSettings = {
				ALWAYS_SEARCH_USER_PATHS = NO;
				CLANG_ANALYZER_NONNULL = YES;
				CLANG_CXX_LANGUAGE_STANDARD = "gnu++0x";
				CLANG_CXX_LIBRARY = "libc++";
				CLANG_ENABLE_MODULES = YES;
				CLANG_ENABLE_OBJC_ARC = YES;
				CLANG_WARN_BOOL_CONVERSION = YES;
				CLANG_WARN_CONSTANT_CONVERSION = YES;
				CLANG_WARN_DIRECT_OBJC_ISA_USAGE = YES_ERROR;
				CLANG_WARN_DOCUMENTATION_COMMENTS = YES;
				CLANG_WARN_EMPTY_BODY = YES;
				CLANG_WARN_ENUM_CONVERSION = YES;
				CLANG_WARN_INFINITE_RECURSION = YES;
				CLANG_WARN_INT_CONVERSION = YES;
				CLANG_WARN_OBJC_ROOT_CLASS = YES_ERROR;
				CLANG_WARN_SUSPICIOUS_MOVES = YES;
				CLANG_WARN_UNREACHABLE_CODE = YES;
				CLANG_WARN__DUPLICATE_METHOD_MATCH = YES;
				"CODE_SIGN_IDENTITY[sdk=iphoneos*]" = "iPhone Developer";
				COPY_PHASE_STRIP = NO;
				DEBUG_INFORMATION_FORMAT = "dwarf-with-dsym";
				ENABLE_NS_ASSERTIONS = NO;
				ENABLE_STRICT_OBJC_MSGSEND = YES;
				GCC_C_LANGUAGE_STANDARD = gnu99;
				GCC_NO_COMMON_BLOCKS = YES;
				GCC_WARN_64_TO_32_BIT_CONVERSION = YES;
				GCC_WARN_ABOUT_RETURN_TYPE = YES_ERROR;
				GCC_WARN_UNDECLARED_SELECTOR = YES;
				GCC_WARN_UNINITIALIZED_AUTOS = YES_AGGRESSIVE;
				GCC_WARN_UNUSED_FUNCTION = YES;
				GCC_WARN_UNUSED_VARIABLE = YES;
				IPHONEOS_DEPLOYMENT_TARGET = 10.0;
				MTL_ENABLE_DEBUG_INFO = NO;
				SDKROOT = iphoneos;
				SWIFT_OPTIMIZATION_LEVEL = "-Owholemodule";
				VALIDATE_PRODUCT = YES;
			};
			name = Release;
		};
		84E310521EF228D600ED4E8A /* Debug */ = {
			isa = XCBuildConfiguration;
			buildSettings = {
				ASSETCATALOG_COMPILER_APPICON_NAME = AppIcon;
				DEVELOPMENT_TEAM = 8NDM2JAGC4;
				INFOPLIST_FILE = "Basic-Swift/Info.plist";
				LD_RUNPATH_SEARCH_PATHS = "$(inherited) @executable_path/Frameworks";
				PRODUCT_BUNDLE_IDENTIFIER = "com.gcg.Basic-Swift";
				PRODUCT_NAME = "$(TARGET_NAME)";
				SWIFT_VERSION = 3.0;
			};
			name = Debug;
		};
		84E310531EF228D600ED4E8A /* Release */ = {
			isa = XCBuildConfiguration;
			buildSettings = {
				ASSETCATALOG_COMPILER_APPICON_NAME = AppIcon;
				DEVELOPMENT_TEAM = 8NDM2JAGC4;
				INFOPLIST_FILE = "Basic-Swift/Info.plist";
				LD_RUNPATH_SEARCH_PATHS = "$(inherited) @executable_path/Frameworks";
				PRODUCT_BUNDLE_IDENTIFIER = "com.gcg.Basic-Swift";
				PRODUCT_NAME = "$(TARGET_NAME)";
				SWIFT_VERSION = 3.0;
			};
			name = Release;
		};
		84E310551EF228D600ED4E8A /* Debug */ = {
			isa = XCBuildConfiguration;
			buildSettings = {
				ALWAYS_EMBED_SWIFT_STANDARD_LIBRARIES = YES;
				BUNDLE_LOADER = "$(TEST_HOST)";
				INFOPLIST_FILE = "Basic-SwiftTests/Info.plist";
				LD_RUNPATH_SEARCH_PATHS = "$(inherited) @executable_path/Frameworks @loader_path/Frameworks";
				PRODUCT_BUNDLE_IDENTIFIER = "com.gcg.Basic-SwiftTests";
				PRODUCT_NAME = "$(TARGET_NAME)";
				SWIFT_VERSION = 3.0;
				TEST_HOST = "$(BUILT_PRODUCTS_DIR)/Basic-Swift.app/Basic-Swift";
			};
			name = Debug;
		};
		84E310561EF228D600ED4E8A /* Release */ = {
			isa = XCBuildConfiguration;
			buildSettings = {
				ALWAYS_EMBED_SWIFT_STANDARD_LIBRARIES = YES;
				BUNDLE_LOADER = "$(TEST_HOST)";
				INFOPLIST_FILE = "Basic-SwiftTests/Info.plist";
				LD_RUNPATH_SEARCH_PATHS = "$(inherited) @executable_path/Frameworks @loader_path/Frameworks";
				PRODUCT_BUNDLE_IDENTIFIER = "com.gcg.Basic-SwiftTests";
				PRODUCT_NAME = "$(TARGET_NAME)";
				SWIFT_VERSION = 3.0;
				TEST_HOST = "$(BUILT_PRODUCTS_DIR)/Basic-Swift.app/Basic-Swift";
			};
			name = Release;
		};
		84E310581EF228D600ED4E8A /* Debug */ = {
			isa = XCBuildConfiguration;
			buildSettings = {
				ALWAYS_EMBED_SWIFT_STANDARD_LIBRARIES = YES;
				INFOPLIST_FILE = "Basic-SwiftUITests/Info.plist";
				LD_RUNPATH_SEARCH_PATHS = "$(inherited) @executable_path/Frameworks @loader_path/Frameworks";
				PRODUCT_BUNDLE_IDENTIFIER = "com.gcg.Basic-SwiftUITests";
				PRODUCT_NAME = "$(TARGET_NAME)";
				SWIFT_VERSION = 3.0;
				TEST_TARGET_NAME = "Basic-Swift";
			};
			name = Debug;
		};
		84E310591EF228D600ED4E8A /* Release */ = {
			isa = XCBuildConfiguration;
			buildSettings = {
				ALWAYS_EMBED_SWIFT_STANDARD_LIBRARIES = YES;
				INFOPLIST_FILE = "Basic-SwiftUITests/Info.plist";
				LD_RUNPATH_SEARCH_PATHS = "$(inherited) @executable_path/Frameworks @loader_path/Frameworks";
				PRODUCT_BUNDLE_IDENTIFIER = "com.gcg.Basic-SwiftUITests";
				PRODUCT_NAME = "$(TARGET_NAME)";
				SWIFT_VERSION = 3.0;
				TEST_TARGET_NAME = "Basic-Swift";
			};
			name = Release;
		};
/* End XCBuildConfiguration section */

/* Begin XCConfigurationList section */
		84E310241EF228D600ED4E8A /* Build configuration list for PBXProject "Basic-Swift" */ = {
			isa = XCConfigurationList;
			buildConfigurations = (
				84E3104F1EF228D600ED4E8A /* Debug */,
				84E310501EF228D600ED4E8A /* Release */,
			);
			defaultConfigurationIsVisible = 0;
			defaultConfigurationName = Release;
		};
		84E310511EF228D600ED4E8A /* Build configuration list for PBXNativeTarget "Basic-Swift" */ = {
			isa = XCConfigurationList;
			buildConfigurations = (
				84E310521EF228D600ED4E8A /* Debug */,
				84E310531EF228D600ED4E8A /* Release */,
			);
			defaultConfigurationIsVisible = 0;
		};
		84E310541EF228D600ED4E8A /* Build configuration list for PBXNativeTarget "Basic-SwiftTests" */ = {
			isa = XCConfigurationList;
			buildConfigurations = (
				84E310551EF228D600ED4E8A /* Debug */,
				84E310561EF228D600ED4E8A /* Release */,
			);
			defaultConfigurationIsVisible = 0;
		};
		84E310571EF228D600ED4E8A /* Build configuration list for PBXNativeTarget "Basic-SwiftUITests" */ = {
			isa = XCConfigurationList;
			buildConfigurations = (
				84E310581EF228D600ED4E8A /* Debug */,
				84E310591EF228D600ED4E8A /* Release */,
			);
			defaultConfigurationIsVisible = 0;
		};
/* End XCConfigurationList section */
	};
	rootObject = 84E310211EF228D600ED4E8A /* Project object */;
}
